{
  "object": {
    "pins": [
      {
        "package": "PGDocFixer",
        "repositoryURL": "https://github.com/GalenRhodes/PGDocFixer.git",
        "state": {
          "branch": null,
          "revision": "91c07c4c7d6cfef4749eb1dda3c166212e0d9d7b",
          "version": "1.0.7"
        }
      }
    ]
  },
  "version": 1
}
