{
  "object": {
    "pins": [
      {
        "package": "PGDocFixer",
        "repositoryURL": "https://github.com/GalenRhodes/PGDocFixer.git",
        "state": {
          "branch": null,
          "revision": "b2707d225c2b4bbe5771b6759c34174b65a29498",
          "version": "1.0.10"
        }
      },
      {
        "package": "RingBuffer",
        "repositoryURL": "https://github.com/GalenRhodes/RingBuffer",
        "state": {
          "branch": null,
          "revision": "6e2942abcb75b1edcda2e2d15c5210f8542e92e2",
          "version": "1.0.12"
        }
      },
      {
        "package": "Rubicon",
        "repositoryURL": "https://github.com/GalenRhodes/Rubicon.git",
        "state": {
          "branch": null,
          "revision": "f9202d08fb5cd95a80b465424204083c4856453f",
          "version": "0.2.46"
        }
      }
    ]
  },
  "version": 1
}
