{
  "object": {
    "pins": [
      {
        "package": "PGDocFixer",
        "repositoryURL": "https://github.com/GalenRhodes/PGDocFixer.git",
        "state": {
          "branch": null,
          "revision": "b2707d225c2b4bbe5771b6759c34174b65a29498",
          "version": "1.0.10"
        }
      },
      {
        "package": "RingBuffer",
        "repositoryURL": "https://github.com/GalenRhodes/RingBuffer",
        "state": {
          "branch": null,
          "revision": "50d346abc7f4d402a3d63e5c30221500e1230250",
          "version": "1.0.9"
        }
      },
      {
        "package": "Rubicon",
        "repositoryURL": "https://github.com/GalenRhodes/Rubicon.git",
        "state": {
          "branch": null,
          "revision": "777deee49c3fc0fd27834d792c87cdac5998c8c1",
          "version": "0.2.37"
        }
      }
    ]
  },
  "version": 1
}
